
Microsoft Visual Studio Solution File, Format Version 12.00
# Visual Studio 15
VisualStudioVersion = 15.0.28307.1525
MinimumVisualStudioVersion = 10.0.40219.1
Project("{FAE04EC0-301F-11D3-BF4B-00C04F79EFBC}") = "ArraySort", "ArraySort\ArraySort.csproj", "{261F9671-3AF5-4BBC-B92F-A2A72F671F02}"
EndProject
Global
	GlobalSection(SolutionConfigurationPlatforms) = preSolution
		Debug|Any CPU = Debug|Any CPU
		Release|Any CPU = Release|Any CPU
	EndGlobalSection
	GlobalSection(ProjectConfigurationPlatforms) = postSolution
		{261F9671-3AF5-4BBC-B92F-A2A72F671F02}.Debug|Any CPU.ActiveCfg = Debug|Any CPU
		{261F9671-3AF5-4BBC-B92F-A2A72F671F02}.Debug|Any CPU.Build.0 = Debug|Any CPU
		{261F9671-3AF5-4BBC-B92F-A2A72F671F02}.Release|Any CPU.ActiveCfg = Release|Any CPU
		{261F9671-3AF5-4BBC-B92F-A2A72F671F02}.Release|Any CPU.Build.0 = Release|Any CPU
	EndGlobalSection
	GlobalSection(SolutionProperties) = preSolution
		HideSolutionNode = FALSE
	EndGlobalSection
	GlobalSection(ExtensibilityGlobals) = postSolution
		SolutionGuid = {47B90E05-5A28-4D1F-93AB-B973B50B9076}
	EndGlobalSection
EndGlobal
